
Microsoft Visual Studio Solution File, Format Version 12.00
# Visual Studio Version 16
VisualStudioVersion = 16.0.30406.217
MinimumVisualStudioVersion = 10.0.40219.1
Project("{FAE04EC0-301F-11D3-BF4B-00C04F79EFBC}") = "ReadSRT", "ReadSRT.csproj", "{E4064613-1056-4010-9B07-4265D774663C}"
EndProject
Global
	GlobalSection(SolutionConfigurationPlatforms) = preSolution
		Debug|Any CPU = Debug|Any CPU
		Release|Any CPU = Release|Any CPU
	EndGlobalSection
	GlobalSection(ProjectConfigurationPlatforms) = postSolution
		{E4064613-1056-4010-9B07-4265D774663C}.Debug|Any CPU.ActiveCfg = Debug|Any CPU
		{E4064613-1056-4010-9B07-4265D774663C}.Debug|Any CPU.Build.0 = Debug|Any CPU
		{E4064613-1056-4010-9B07-4265D774663C}.Release|Any CPU.ActiveCfg = Release|Any CPU
		{E4064613-1056-4010-9B07-4265D774663C}.Release|Any CPU.Build.0 = Release|Any CPU
	EndGlobalSection
	GlobalSection(SolutionProperties) = preSolution
		HideSolutionNode = FALSE
	EndGlobalSection
	GlobalSection(ExtensibilityGlobals) = postSolution
		SolutionGuid = {38E30A3F-FF37-4335-B558-CF4E47DB3631}
	EndGlobalSection
EndGlobal
